# This file is automatically @generated by Cargo.
# It is not intended for manual editing.
version = 3

[[package]]
name = "oracle-cli"
version = "0.1.0"

[[package]]
name = "oracle-hub"
version = "0.1.0"

[[package]]
name = "oracle-index"
version = "0.1.0"

[[package]]
name = "oracle-protocol"
version = "0.1.0"

[[package]]
name = "oracle-serve"
version = "0.1.0"

[[package]]
name = "oracle-store"
version = "0.1.0"

[[package]]
name = "oracle-verify"
version = "0.1.0"
